
Microsoft Visual Studio Solution File, Format Version 12.00
# Visual Studio Version 16
VisualStudioVersion = 16.0.30011.22
MinimumVisualStudioVersion = 10.0.40219.1
Project("{8BC9CEB8-8B4A-11D0-8D11-00A0C91BC942}") = "Tests", "Tests.vcxproj", "{4A124B51-634F-44B3-B74B-AD4D39D4EE08}"
EndProject
Global
	GlobalSection(SolutionConfigurationPlatforms) = preSolution
		Debug|x64 = Debug|x64
		Debug|x86 = Debug|x86
		Release|x64 = Release|x64
		Release|x86 = Release|x86
	EndGlobalSection
	GlobalSection(ProjectConfigurationPlatforms) = postSolution
		{4A124B51-634F-44B3-B74B-AD4D39D4EE08}.Debug|x64.ActiveCfg = Debug|x64
		{4A124B51-634F-44B3-B74B-AD4D39D4EE08}.Debug|x64.Build.0 = Debug|x64
		{4A124B51-634F-44B3-B74B-AD4D39D4EE08}.Debug|x86.ActiveCfg = Debug|Win32
		{4A124B51-634F-44B3-B74B-AD4D39D4EE08}.Debug|x86.Build.0 = Debug|Win32
		{4A124B51-634F-44B3-B74B-AD4D39D4EE08}.Release|x64.ActiveCfg = Release|x64
		{4A124B51-634F-44B3-B74B-AD4D39D4EE08}.Release|x64.Build.0 = Release|x64
		{4A124B51-634F-44B3-B74B-AD4D39D4EE08}.Release|x86.ActiveCfg = Release|Win32
		{4A124B51-634F-44B3-B74B-AD4D39D4EE08}.Release|x86.Build.0 = Release|Win32
	EndGlobalSection
	GlobalSection(SolutionProperties) = preSolution
		HideSolutionNode = FALSE
	EndGlobalSection
	GlobalSection(ExtensibilityGlobals) = postSolution
		SolutionGuid = {5B323546-690D-48C5-B213-5F668A804189}
	EndGlobalSection
EndGlobal
